
Microsoft Visual Studio Solution File, Format Version 12.00
# Visual Studio 15
VisualStudioVersion = 15.0.27703.2042
MinimumVisualStudioVersion = 10.0.40219.1
Project("{FAE04EC0-301F-11D3-BF4B-00C04F79EFBC}") = "CadastroFuncionarios", "CadastroFuncionarios\CadastroFuncionarios.csproj", "{5544B675-D4BE-4A0B-BD96-281CB8ACA54E}"
EndProject
Global
	GlobalSection(SolutionConfigurationPlatforms) = preSolution
		Debug|Any CPU = Debug|Any CPU
		Release|Any CPU = Release|Any CPU
	EndGlobalSection
	GlobalSection(ProjectConfigurationPlatforms) = postSolution
		{5544B675-D4BE-4A0B-BD96-281CB8ACA54E}.Debug|Any CPU.ActiveCfg = Debug|Any CPU
		{5544B675-D4BE-4A0B-BD96-281CB8ACA54E}.Debug|Any CPU.Build.0 = Debug|Any CPU
		{5544B675-D4BE-4A0B-BD96-281CB8ACA54E}.Release|Any CPU.ActiveCfg = Release|Any CPU
		{5544B675-D4BE-4A0B-BD96-281CB8ACA54E}.Release|Any CPU.Build.0 = Release|Any CPU
	EndGlobalSection
	GlobalSection(SolutionProperties) = preSolution
		HideSolutionNode = FALSE
	EndGlobalSection
	GlobalSection(ExtensibilityGlobals) = postSolution
		SolutionGuid = {051B753C-A5C5-4403-8D0A-99C415570DD8}
	EndGlobalSection
EndGlobal
